// !$*UTF8*$!
{
	archiveVersion = 1;
	classes = {
	};
	objectVersion = 46;
	objects = {

/* Begin PBXBuildFile section */
		E43ACD6B1AA63A210005A48B /* AppDelegate.swift in Sources */ = {isa = PBXBuildFile; fileRef = E43ACD6A1AA63A210005A48B /* AppDelegate.swift */; };
		E43ACD6D1AA63A210005A48B /* ViewController.swift in Sources */ = {isa = PBXBuildFile; fileRef = E43ACD6C1AA63A210005A48B /* ViewController.swift */; };
		E43ACD701AA63A210005A48B /* Main.storyboard in Resources */ = {isa = PBXBuildFile; fileRef = E43ACD6E1AA63A210005A48B /* Main.storyboard */; };
		E43ACD721AA63A210005A48B /* Images.xcassets in Resources */ = {isa = PBXBuildFile; fileRef = E43ACD711AA63A210005A48B /* Images.xcassets */; };
		E43ACD751AA63A210005A48B /* LaunchScreen.xib in Resources */ = {isa = PBXBuildFile; fileRef = E43ACD731AA63A210005A48B /* LaunchScreen.xib */; };
		E43ACD811AA63A210005A48B /* PostcardTests.swift in Sources */ = {isa = PBXBuildFile; fileRef = E43ACD801AA63A210005A48B /* PostcardTests.swift */; };
		E43ACD8D1AA648FB0005A48B /* SagradaFamilia 1.jpeg in Resources */ = {isa = PBXBuildFile; fileRef = E43ACD8C1AA648FB0005A48B /* SagradaFamilia 1.jpeg */; };
		E4E0685D1AA7817700078B54 /* AlbertEinsteinStamp.jpg in Resources */ = {isa = PBXBuildFile; fileRef = E4E0685C1AA7817700078B54 /* AlbertEinsteinStamp.jpg */; };
/* End PBXBuildFile section */

/* Begin PBXContainerItemProxy section */
		E43ACD7B1AA63A210005A48B /* PBXContainerItemProxy */ = {
			isa = PBXContainerItemProxy;
			containerPortal = E43ACD5D1AA63A210005A48B /* Project object */;
			proxyType = 1;
			remoteGlobalIDString = E43ACD641AA63A210005A48B;
			remoteInfo = Postcard;
		};
/* End PBXContainerItemProxy section */

/* Begin PBXFileReference section */
		E43ACD651AA63A210005A48B /* Postcard.app */ = {isa = PBXFileReference; explicitFileType = wrapper.application; includeInIndex = 0; path = Postcard.app; sourceTree = BUILT_PRODUCTS_DIR; };
		E43ACD691AA63A210005A48B /* Info.plist */ = {isa = PBXFileReference; lastKnownFileType = text.plist.xml; path = Info.plist; sourceTree = "<group>"; };
		E43ACD6A1AA63A210005A48B /* AppDelegate.swift */ = {isa = PBXFileReference; lastKnownFileType = sourcecode.swift; path = AppDelegate.swift; sourceTree = "<group>"; };
		E43ACD6C1AA63A210005A48B /* ViewController.swift */ = {isa = PBXFileReference; lastKnownFileType = sourcecode.swift; path = ViewController.swift; sourceTree = "<group>"; };
		E43ACD6F1AA63A210005A48B /* Base */ = {isa = PBXFileReference; lastKnownFileType = file.storyboard; name = Base; path = Base.lproj/Main.storyboard; sourceTree = "<group>"; };
		E43ACD711AA63A210005A48B /* Images.xcassets */ = {isa = PBXFileReference; lastKnownFileType = folder.assetcatalog; path = Images.xcassets; sourceTree = "<group>"; };
		E43ACD741AA63A210005A48B /* Base */ = {isa = PBXFileReference; lastKnownFileType = file.xib; name = Base; path = Base.lproj/LaunchScreen.xib; sourceTree = "<group>"; };
		E43ACD7A1AA63A210005A48B /* PostcardTests.xctest */ = {isa = PBXFileReference; explicitFileType = wrapper.cfbundle; includeInIndex = 0; path = PostcardTests.xctest; sourceTree = BUILT_PRODUCTS_DIR; };
		E43ACD7F1AA63A210005A48B /* Info.plist */ = {isa = PBXFileReference; lastKnownFileType = text.plist.xml; path = Info.plist; sourceTree = "<group>"; };
		E43ACD801AA63A210005A48B /* PostcardTests.swift */ = {isa = PBXFileReference; lastKnownFileType = sourcecode.swift; path = PostcardTests.swift; sourceTree = "<group>"; };
		E43ACD8C1AA648FB0005A48B /* SagradaFamilia 1.jpeg */ = {isa = PBXFileReference; lastKnownFileType = image.jpeg; path = "SagradaFamilia 1.jpeg"; sourceTree = "<group>"; };
		E4E0685C1AA7817700078B54 /* AlbertEinsteinStamp.jpg */ = {isa = PBXFileReference; lastKnownFileType = image.jpeg; path = AlbertEinsteinStamp.jpg; sourceTree = "<group>"; };
/* End PBXFileReference section */

/* Begin PBXFrameworksBuildPhase section */
		E43ACD621AA63A210005A48B /* Frameworks */ = {
			isa = PBXFrameworksBuildPhase;
			buildActionMask = 2147483647;
			files = (
			);
			runOnlyForDeploymentPostprocessing = 0;
		};
		E43ACD771AA63A210005A48B /* Frameworks */ = {
			isa = PBXFrameworksBuildPhase;
			buildActionMask = 2147483647;
			files = (
			);
			runOnlyForDeploymentPostprocessing = 0;
		};
/* End PBXFrameworksBuildPhase section */

/* Begin PBXGroup section */
		E43ACD5C1AA63A210005A48B = {
			isa = PBXGroup;
			children = (
				E43ACD671AA63A210005A48B /* Postcard */,
				E43ACD7D1AA63A210005A48B /* PostcardTests */,
				E43ACD661AA63A210005A48B /* Products */,
			);
			sourceTree = "<group>";
		};
		E43ACD661AA63A210005A48B /* Products */ = {
			isa = PBXGroup;
			children = (
				E43ACD651AA63A210005A48B /* Postcard.app */,
				E43ACD7A1AA63A210005A48B /* PostcardTests.xctest */,
			);
			name = Products;
			sourceTree = "<group>";
		};
		E43ACD671AA63A210005A48B /* Postcard */ = {
			isa = PBXGroup;
			children = (
				E43ACD6A1AA63A210005A48B /* AppDelegate.swift */,
				E43ACD6C1AA63A210005A48B /* ViewController.swift */,
				E43ACD6E1AA63A210005A48B /* Main.storyboard */,
				E43ACD711AA63A210005A48B /* Images.xcassets */,
				E43ACD731AA63A210005A48B /* LaunchScreen.xib */,
				E43ACD681AA63A210005A48B /* Supporting Files */,
			);
			path = Postcard;
			sourceTree = "<group>";
		};
		E43ACD681AA63A210005A48B /* Supporting Files */ = {
			isa = PBXGroup;
			children = (
				E4E0685C1AA7817700078B54 /* AlbertEinsteinStamp.jpg */,
				E43ACD8C1AA648FB0005A48B /* SagradaFamilia 1.jpeg */,
				E43ACD691AA63A210005A48B /* Info.plist */,
			);
			name = "Supporting Files";
			sourceTree = "<group>";
		};
		E43ACD7D1AA63A210005A48B /* PostcardTests */ = {
			isa = PBXGroup;
			children = (
				E43ACD801AA63A210005A48B /* PostcardTests.swift */,
				E43ACD7E1AA63A210005A48B /* Supporting Files */,
			);
			path = PostcardTests;
			sourceTree = "<group>";
		};
		E43ACD7E1AA63A210005A48B /* Supporting Files */ = {
			isa = PBXGroup;
			children = (
				E43ACD7F1AA63A210005A48B /* Info.plist */,
			);
			name = "Supporting Files";
			sourceTree = "<group>";
		};
/* End PBXGroup section */

/* Begin PBXNativeTarget section */
		E43ACD641AA63A210005A48B /* Postcard */ = {
			isa = PBXNativeTarget;
			buildConfigurationList = E43ACD841AA63A210005A48B /* Build configuration list for PBXNativeTarget "Postcard" */;
			buildPhases = (
				E43ACD611AA63A210005A48B /* Sources */,
				E43ACD621AA63A210005A48B /* Frameworks */,
				E43ACD631AA63A210005A48B /* Resources */,
			);
			buildRules = (
			);
			dependencies = (
			);
			name = Postcard;
			productName = Postcard;
			productReference = E43ACD651AA63A210005A48B /* Postcard.app */;
			productType = "com.apple.product-type.application";
		};
		E43ACD791AA63A210005A48B /* PostcardTests */ = {
			isa = PBXNativeTarget;
			buildConfigurationList = E43ACD871AA63A210005A48B /* Build configuration list for PBXNativeTarget "PostcardTests" */;
			buildPhases = (
				E43ACD761AA63A210005A48B /* Sources */,
				E43ACD771AA63A210005A48B /* Frameworks */,
				E43ACD781AA63A210005A48B /* Resources */,
			);
			buildRules = (
			);
			dependencies = (
				E43ACD7C1AA63A210005A48B /* PBXTargetDependency */,
			);
			name = PostcardTests;
			productName = PostcardTests;
			productReference = E43ACD7A1AA63A210005A48B /* PostcardTests.xctest */;
			productType = "com.apple.product-type.bundle.unit-test";
		};
/* End PBXNativeTarget section */

/* Begin PBXProject section */
		E43ACD5D1AA63A210005A48B /* Project object */ = {
			isa = PBXProject;
			attributes = {
				LastUpgradeCheck = 0610;
				ORGANIZATIONNAME = Ron;
				TargetAttributes = {
					E43ACD641AA63A210005A48B = {
						CreatedOnToolsVersion = 6.1.1;
					};
					E43ACD791AA63A210005A48B = {
						CreatedOnToolsVersion = 6.1.1;
						TestTargetID = E43ACD641AA63A210005A48B;
					};
				};
			};
			buildConfigurationList = E43ACD601AA63A210005A48B /* Build configuration list for PBXProject "Postcard" */;
			compatibilityVersion = "Xcode 3.2";
			developmentRegion = English;
			hasScannedForEncodings = 0;
			knownRegions = (
				en,
				Base,
			);
			mainGroup = E43ACD5C1AA63A210005A48B;
			productRefGroup = E43ACD661AA63A210005A48B /* Products */;
			projectDirPath = "";
			projectRoot = "";
			targets = (
				E43ACD641AA63A210005A48B /* Postcard */,
				E43ACD791AA63A210005A48B /* PostcardTests */,
			);
		};
/* End PBXProject section */

/* Begin PBXResourcesBuildPhase section */
		E43ACD631AA63A210005A48B /* Resources */ = {
			isa = PBXResourcesBuildPhase;
			buildActionMask = 2147483647;
			files = (
				E43ACD8D1AA648FB0005A48B /* SagradaFamilia 1.jpeg in Resources */,
				E43ACD701AA63A210005A48B /* Main.storyboard in Resources */,
				E4E0685D1AA7817700078B54 /* AlbertEinsteinStamp.jpg in Resources */,
				E43ACD751AA63A210005A48B /* LaunchScreen.xib in Resources */,
				E43ACD721AA63A210005A48B /* Images.xcassets in Resources */,
			);
			runOnlyForDeploymentPostprocessing = 0;
		};
		E43ACD781AA63A210005A48B /* Resources */ = {
			isa = PBXResourcesBuildPhase;
			buildActionMask = 2147483647;
			files = (
			);
			runOnlyForDeploymentPostprocessing = 0;
		};
/* End PBXResourcesBuildPhase section */

/* Begin PBXSourcesBuildPhase section */
		E43ACD611AA63A210005A48B /* Sources */ = {
			isa = PBXSourcesBuildPhase;
			buildActionMask = 2147483647;
			files = (
				E43ACD6D1AA63A210005A48B /* ViewController.swift in Sources */,
				E43ACD6B1AA63A210005A48B /* AppDelegate.swift in Sources */,
			);
			runOnlyForDeploymentPostprocessing = 0;
		};
		E43ACD761AA63A210005A48B /* Sources */ = {
			isa = PBXSourcesBuildPhase;
			buildActionMask = 2147483647;
			files = (
				E43ACD811AA63A210005A48B /* PostcardTests.swift in Sources */,
			);
			runOnlyForDeploymentPostprocessing = 0;
		};
/* End PBXSourcesBuildPhase section */

/* Begin PBXTargetDependency section */
		E43ACD7C1AA63A210005A48B /* PBXTargetDependency */ = {
			isa = PBXTargetDependency;
			target = E43ACD641AA63A210005A48B /* Postcard */;
			targetProxy = E43ACD7B1AA63A210005A48B /* PBXContainerItemProxy */;
		};
/* End PBXTargetDependency section */

/* Begin PBXVariantGroup section */
		E43ACD6E1AA63A210005A48B /* Main.storyboard */ = {
			isa = PBXVariantGroup;
			children = (
				E43ACD6F1AA63A210005A48B /* Base */,
			);
			name = Main.storyboard;
			sourceTree = "<group>";
		};
		E43ACD731AA63A210005A48B /* LaunchScreen.xib */ = {
			isa = PBXVariantGroup;
			children = (
				E43ACD741AA63A210005A48B /* Base */,
			);
			name = LaunchScreen.xib;
			sourceTree = "<group>";
		};
/* End PBXVariantGroup section */

/* Begin XCBuildConfiguration section */
		E43ACD821AA63A210005A48B /* Debug */ = {
			isa = XCBuildConfiguration;
			buildSettings = {
				ALWAYS_SEARCH_USER_PATHS = NO;
				CLANG_CXX_LANGUAGE_STANDARD = "gnu++0x";
				CLANG_CXX_LIBRARY = "libc++";
				CLANG_ENABLE_MODULES = YES;
				CLANG_ENABLE_OBJC_ARC = YES;
				CLANG_WARN_BOOL_CONVERSION = YES;
				CLANG_WARN_CONSTANT_CONVERSION = YES;
				CLANG_WARN_DIRECT_OBJC_ISA_USAGE = YES_ERROR;
				CLANG_WARN_EMPTY_BODY = YES;
				CLANG_WARN_ENUM_CONVERSION = YES;
				CLANG_WARN_INT_CONVERSION = YES;
				CLANG_WARN_OBJC_ROOT_CLASS = YES_ERROR;
				CLANG_WARN_UNREACHABLE_CODE = YES;
				CLANG_WARN__DUPLICATE_METHOD_MATCH = YES;
				"CODE_SIGN_IDENTITY[sdk=iphoneos*]" = "iPhone Developer";
				COPY_PHASE_STRIP = NO;
				ENABLE_STRICT_OBJC_MSGSEND = YES;
				GCC_C_LANGUAGE_STANDARD = gnu99;
				GCC_DYNAMIC_NO_PIC = NO;
				GCC_OPTIMIZATION_LEVEL = 0;
				GCC_PREPROCESSOR_DEFINITIONS = (
					"DEBUG=1",
					"$(inherited)",
				);
				GCC_SYMBOLS_PRIVATE_EXTERN = NO;
				GCC_WARN_64_TO_32_BIT_CONVERSION = YES;
				GCC_WARN_ABOUT_RETURN_TYPE = YES_ERROR;
				GCC_WARN_UNDECLARED_SELECTOR = YES;
				GCC_WARN_UNINITIALIZED_AUTOS = YES_AGGRESSIVE;
				GCC_WARN_UNUSED_FUNCTION = YES;
				GCC_WARN_UNUSED_VARIABLE = YES;
				IPHONEOS_DEPLOYMENT_TARGET = 8.1;
				MTL_ENABLE_DEBUG_INFO = YES;
				ONLY_ACTIVE_ARCH = YES;
				SDKROOT = iphoneos;
				SWIFT_OPTIMIZATION_LEVEL = "-Onone";
				TARGETED_DEVICE_FAMILY = "1,2";
			};
			name = Debug;
		};
		E43ACD831AA63A210005A48B /* Release */ = {
			isa = XCBuildConfiguration;
			buildSettings = {
				ALWAYS_SEARCH_USER_PATHS = NO;
				CLANG_CXX_LANGUAGE_STANDARD = "gnu++0x";
				CLANG_CXX_LIBRARY = "libc++";
				CLANG_ENABLE_MODULES = YES;
				CLANG_ENABLE_OBJC_ARC = YES;
				CLANG_WARN_BOOL_CONVERSION = YES;
				CLANG_WARN_CONSTANT_CONVERSION = YES;
				CLANG_WARN_DIRECT_OBJC_ISA_USAGE = YES_ERROR;
				CLANG_WARN_EMPTY_BODY = YES;
				CLANG_WARN_ENUM_CONVERSION = YES;
				CLANG_WARN_INT_CONVERSION = YES;
				CLANG_WARN_OBJC_ROOT_CLASS = YES_ERROR;
				CLANG_WARN_UNREACHABLE_CODE = YES;
				CLANG_WARN__DUPLICATE_METHOD_MATCH = YES;
				"CODE_SIGN_IDENTITY[sdk=iphoneos*]" = "iPhone Developer";
				COPY_PHASE_STRIP = YES;
				ENABLE_NS_ASSERTIONS = NO;
				ENABLE_STRICT_OBJC_MSGSEND = YES;
				GCC_C_LANGUAGE_STANDARD = gnu99;
				GCC_WARN_64_TO_32_BIT_CONVERSION = YES;
				GCC_WARN_ABOUT_RETURN_TYPE = YES_ERROR;
				GCC_WARN_UNDECLARED_SELECTOR = YES;
				GCC_WARN_UNINITIALIZED_AUTOS = YES_AGGRESSIVE;
				GCC_WARN_UNUSED_FUNCTION = YES;
				GCC_WARN_UNUSED_VARIABLE = YES;
				IPHONEOS_DEPLOYMENT_TARGET = 8.1;
				MTL_ENABLE_DEBUG_INFO = NO;
				SDKROOT = iphoneos;
				TARGETED_DEVICE_FAMILY = "1,2";
				VALIDATE_PRODUCT = YES;
			};
			name = Release;
		};
		E43ACD851AA63A210005A48B /* Debug */ = {
			isa = XCBuildConfiguration;
			buildSettings = {
				ASSETCATALOG_COMPILER_APPICON_NAME = AppIcon;
				INFOPLIST_FILE = Postcard/Info.plist;
				LD_RUNPATH_SEARCH_PATHS = "$(inherited) @executable_path/Frameworks";
				PRODUCT_NAME = "$(TARGET_NAME)";
			};
			name = Debug;
		};
		E43ACD861AA63A210005A48B /* Release */ = {
			isa = XCBuildConfiguration;
			buildSettings = {
				ASSETCATALOG_COMPILER_APPICON_NAME = AppIcon;
				INFOPLIST_FILE = Postcard/Info.plist;
				LD_RUNPATH_SEARCH_PATHS = "$(inherited) @executable_path/Frameworks";
				PRODUCT_NAME = "$(TARGET_NAME)";
			};
			name = Release;
		};
		E43ACD881AA63A210005A48B /* Debug */ = {
			isa = XCBuildConfiguration;
			buildSettings = {
				BUNDLE_LOADER = "$(TEST_HOST)";
				FRAMEWORK_SEARCH_PATHS = (
					"$(SDKROOT)/Developer/Library/Frameworks",
					"$(inherited)",
				);
				GCC_PREPROCESSOR_DEFINITIONS = (
					"DEBUG=1",
					"$(inherited)",
				);
				INFOPLIST_FILE = PostcardTests/Info.plist;
				LD_RUNPATH_SEARCH_PATHS = "$(inherited) @executable_path/Frameworks @loader_path/Frameworks";
				PRODUCT_NAME = "$(TARGET_NAME)";
				TEST_HOST = "$(BUILT_PRODUCTS_DIR)/Postcard.app/Postcard";
			};
			name = Debug;
		};
		E43ACD891AA63A210005A48B /* Release */ = {
			isa = XCBuildConfiguration;
			buildSettings = {
				BUNDLE_LOADER = "$(TEST_HOST)";
				FRAMEWORK_SEARCH_PATHS = (
					"$(SDKROOT)/Developer/Library/Frameworks",
					"$(inherited)",
				);
				INFOPLIST_FILE = PostcardTests/Info.plist;
				LD_RUNPATH_SEARCH_PATHS = "$(inherited) @executable_path/Frameworks @loader_path/Frameworks";
				PRODUCT_NAME = "$(TARGET_NAME)";
				TEST_HOST = "$(BUILT_PRODUCTS_DIR)/Postcard.app/Postcard";
			};
			name = Release;
		};
/* End XCBuildConfiguration section */

/* Begin XCConfigurationList section */
		E43ACD601AA63A210005A48B /* Build configuration list for PBXProject "Postcard" */ = {
			isa = XCConfigurationList;
			buildConfigurations = (
				E43ACD821AA63A210005A48B /* Debug */,
				E43ACD831AA63A210005A48B /* Release */,
			);
			defaultConfigurationIsVisible = 0;
			defaultConfigurationName = Release;
		};
		E43ACD841AA63A210005A48B /* Build configuration list for PBXNativeTarget "Postcard" */ = {
			isa = XCConfigurationList;
			buildConfigurations = (
				E43ACD851AA63A210005A48B /* Debug */,
				E43ACD861AA63A210005A48B /* Release */,
			);
			defaultConfigurationIsVisible = 0;
			defaultConfigurationName = Release;
		};
		E43ACD871AA63A210005A48B /* Build configuration list for PBXNativeTarget "PostcardTests" */ = {
			isa = XCConfigurationList;
			buildConfigurations = (
				E43ACD881AA63A210005A48B /* Debug */,
				E43ACD891AA63A210005A48B /* Release */,
			);
			defaultConfigurationIsVisible = 0;
			defaultConfigurationName = Release;
		};
/* End XCConfigurationList section */
	};
	rootObject = E43ACD5D1AA63A210005A48B /* Project object */;
}
